
Microsoft Visual Studio Solution File, Format Version 12.00
# Visual Studio Version 16
VisualStudioVersion = 16.0.28729.10
MinimumVisualStudioVersion = 10.0.40219.1
Project("{8BC9CEB8-8B4A-11D0-8D11-00A0C91BC942}") = "ParadigmSample", "ParadigmSample\ParadigmSample.vcxproj", "{A94855BF-2195-4ED2-A440-3E81F1915D08}"
EndProject
Project("{8BC9CEB8-8B4A-11D0-8D11-00A0C91BC942}") = "MemoryAccessSample", "MemoryAccessSample\MemoryAccessSample.vcxproj", "{62E0F605-CF88-442D-A707-0D15C2BE0472}"
EndProject
Global
	GlobalSection(SolutionConfigurationPlatforms) = preSolution
		Debug|x64 = Debug|x64
		Debug|x86 = Debug|x86
		Release|x64 = Release|x64
		Release|x86 = Release|x86
	EndGlobalSection
	GlobalSection(ProjectConfigurationPlatforms) = postSolution
		{A94855BF-2195-4ED2-A440-3E81F1915D08}.Debug|x64.ActiveCfg = Debug|x64
		{A94855BF-2195-4ED2-A440-3E81F1915D08}.Debug|x64.Build.0 = Debug|x64
		{A94855BF-2195-4ED2-A440-3E81F1915D08}.Debug|x86.ActiveCfg = Debug|Win32
		{A94855BF-2195-4ED2-A440-3E81F1915D08}.Debug|x86.Build.0 = Debug|Win32
		{A94855BF-2195-4ED2-A440-3E81F1915D08}.Release|x64.ActiveCfg = Release|x64
		{A94855BF-2195-4ED2-A440-3E81F1915D08}.Release|x64.Build.0 = Release|x64
		{A94855BF-2195-4ED2-A440-3E81F1915D08}.Release|x86.ActiveCfg = Release|Win32
		{A94855BF-2195-4ED2-A440-3E81F1915D08}.Release|x86.Build.0 = Release|Win32
		{62E0F605-CF88-442D-A707-0D15C2BE0472}.Debug|x64.ActiveCfg = Debug|x64
		{62E0F605-CF88-442D-A707-0D15C2BE0472}.Debug|x64.Build.0 = Debug|x64
		{62E0F605-CF88-442D-A707-0D15C2BE0472}.Debug|x86.ActiveCfg = Debug|Win32
		{62E0F605-CF88-442D-A707-0D15C2BE0472}.Debug|x86.Build.0 = Debug|Win32
		{62E0F605-CF88-442D-A707-0D15C2BE0472}.Release|x64.ActiveCfg = Release|x64
		{62E0F605-CF88-442D-A707-0D15C2BE0472}.Release|x64.Build.0 = Release|x64
		{62E0F605-CF88-442D-A707-0D15C2BE0472}.Release|x86.ActiveCfg = Release|Win32
		{62E0F605-CF88-442D-A707-0D15C2BE0472}.Release|x86.Build.0 = Release|Win32
	EndGlobalSection
	GlobalSection(SolutionProperties) = preSolution
		HideSolutionNode = FALSE
	EndGlobalSection
	GlobalSection(ExtensibilityGlobals) = postSolution
		SolutionGuid = {2457F396-E6B3-4A4F-953C-FC1DEA52C94B}
	EndGlobalSection
EndGlobal
